lockfileVersion: 5.3

specifiers:
  '@types/debug': ^4.1.7
  '@types/jest': ^27.0.3
  '@types/prompts': ^2.0.14
  '@types/semver': ^7.3.9
  cac: ^6.7.12
  debug: ^4.3.3
  esbuild: ^0.14.9
  esbuild-register: ^3.3.1
  execa: ^5.1.1
  prompts: ^2.4.2
  semver: ^7.3.5
  typescript: ^4.5.4
  unconfig: ^0.2.2

dependencies:
  cac: registry.npmmirror.com/cac/6.7.12
  debug: registry.npmmirror.com/debug/4.3.3
  esbuild: registry.npmmirror.com/esbuild/0.14.9
  esbuild-register: registry.npmmirror.com/esbuild-register/3.3.1_esbuild@0.14.9
  execa: registry.npmmirror.com/execa/5.1.1
  prompts: registry.npmmirror.com/prompts/2.4.2
  semver: registry.nlark.com/semver/7.3.5
  unconfig: registry.npmmirror.com/unconfig/0.2.2

devDependencies:
  '@types/debug': registry.npmmirror.com/@types/debug/4.1.7
  '@types/jest': registry.npmmirror.com/@types/jest/27.0.3
  '@types/prompts': registry.npmmirror.com/@types/prompts/2.0.14
  '@types/semver': registry.npmmirror.com/@types/semver/7.3.9
  typescript: registry.npmmirror.com/typescript/4.5.4

packages:

  registry.nlark.com/ansi-regex/5.0.1:
    resolution: {integrity: sha1-CCyyyJyf6GWaMRpTvWpNxTAdswQ=, registry: https://registry.npm.taobao.org/, tarball: https://registry.nlark.com/ansi-regex/download/ansi-regex-5.0.1.tgz}
    name: ansi-regex
    version: 5.0.1
    engines: {node: '>=8'}
    dev: true

  registry.nlark.com/ansi-styles/4.3.0:
    resolution: {integrity: sha1-7dgDYornHATIWuegkG7a00tkiTc=, registry: https://registry.npm.taobao.org/, tarball: https://registry.nlark.com/ansi-styles/download/ansi-styles-4.3.0.tgz}
    name: ansi-styles
    version: 4.3.0
    engines: {node: '>=8'}
    dependencies:
      color-convert: registry.npmmirror.com/color-convert/2.0.1
    dev: true

  registry.nlark.com/ansi-styles/5.2.0:
    resolution: {integrity: sha1-B0SWkK1Fd30ZJKwquy/IiV26g2s=, registry: https://registry.npm.taobao.org/, tarball: https://registry.nlark.com/ansi-styles/download/ansi-styles-5.2.0.tgz}
    name: ansi-styles
    version: 5.2.0
    engines: {node: '>=10'}
    dev: true

  registry.nlark.com/color-name/1.1.4:
    resolution: {integrity: sha1-wqCah6y95pVD3m9j+jmVyCbFNqI=, registry: https://registry.npm.taobao.org/, tarball: https://registry.nlark.com/color-name/download/color-name-1.1.4.tgz}
    name: color-name
    version: 1.1.4
    dev: true

  registry.nlark.com/cross-spawn/7.0.3:
    resolution: {integrity: sha1-9zqFudXUHQRVUcF34ogtSshXKKY=, registry: https://registry.npm.taobao.org/, tarball: https://registry.nlark.com/cross-spawn/download/cross-spawn-7.0.3.tgz}
    name: cross-spawn
    version: 7.0.3
    engines: {node: '>= 8'}
    dependencies:
      path-key: registry.nlark.com/path-key/3.1.1
      shebang-command: registry.nlark.com/shebang-command/2.0.0
      which: registry.nlark.com/which/2.0.2
    dev: false

  registry.nlark.com/get-stream/6.0.1:
    resolution: {integrity: sha1-omLY7vZ6ztV8KFKtYWdSakPL97c=, registry: https://registry.npm.taobao.org/, tarball: https://registry.nlark.com/get-stream/download/get-stream-6.0.1.tgz}
    name: get-stream
    version: 6.0.1
    engines: {node: '>=10'}
    dev: false

  registry.nlark.com/has-flag/4.0.0:
    resolution: {integrity: sha1-lEdx/ZyByBJlxNaUGGDaBrtZR5s=, registry: https://registry.npm.taobao.org/, tarball: https://registry.nlark.com/has-flag/download/has-flag-4.0.0.tgz}
    name: has-flag
    version: 4.0.0
    engines: {node: '>=8'}
    dev: true

  registry.nlark.com/human-signals/2.1.0:
    resolution: {integrity: sha1-3JH8ukLk0G5Kuu0zs+ejwC9RTqA=, registry: https://registry.npm.taobao.org/, tarball: https://registry.nlark.com/human-signals/download/human-signals-2.1.0.tgz}
    name: human-signals
    version: 2.1.0
    engines: {node: '>=10.17.0'}
    dev: false

  registry.nlark.com/is-stream/2.0.1:
    resolution: {integrity: sha1-+sHj1TuXrVqdCunO8jifWBClwHc=, registry: https://registry.npm.taobao.org/, tarball: https://registry.nlark.com/is-stream/download/is-stream-2.0.1.tgz}
    name: is-stream
    version: 2.0.1
    engines: {node: '>=8'}
    dev: false

  registry.nlark.com/isexe/2.0.0:
    resolution: {integrity: sha1-6PvzdNxVb/iUehDcsFctYz8s+hA=, registry: https://registry.npm.taobao.org/, tarball: https://registry.nlark.com/isexe/download/isexe-2.0.0.tgz}
    name: isexe
    version: 2.0.0
    dev: false

  registry.nlark.com/kleur/3.0.3:
    resolution: {integrity: sha1-p5yezIbuHOP6YgbRIWxQHxR/wH4=, registry: https://registry.npm.taobao.org/, tarball: https://registry.nlark.com/kleur/download/kleur-3.0.3.tgz}
    name: kleur
    version: 3.0.3
    engines: {node: '>=6'}
    dev: false

  registry.nlark.com/lru-cache/6.0.0:
    resolution: {integrity: sha1-bW/mVw69lqr5D8rR2vo7JWbbOpQ=, registry: https://registry.npm.taobao.org/, tarball: https://registry.nlark.com/lru-cache/download/lru-cache-6.0.0.tgz}
    name: lru-cache
    version: 6.0.0
    engines: {node: '>=10'}
    dependencies:
      yallist: registry.nlark.com/yallist/4.0.0
    dev: false

  registry.nlark.com/merge-stream/2.0.0:
    resolution: {integrity: sha1-UoI2KaFN0AyXcPtq1H3GMQ8sH2A=, registry: https://registry.npm.taobao.org/, tarball: https://registry.nlark.com/merge-stream/download/merge-stream-2.0.0.tgz}
    name: merge-stream
    version: 2.0.0
    dev: false

  registry.nlark.com/mimic-fn/2.1.0:
    resolution: {integrity: sha1-ftLCzMyvhNP/y3pptXcR/CCDQBs=, registry: https://registry.npm.taobao.org/, tarball: https://registry.nlark.com/mimic-fn/download/mimic-fn-2.1.0.tgz}
    name: mimic-fn
    version: 2.1.0
    engines: {node: '>=6'}
    dev: false

  registry.nlark.com/onetime/5.1.2:
    resolution: {integrity: sha1-0Oluu1awdHbfHdnEgG5SN5hcpF4=, registry: https://registry.npm.taobao.org/, tarball: https://registry.nlark.com/onetime/download/onetime-5.1.2.tgz}
    name: onetime
    version: 5.1.2
    engines: {node: '>=6'}
    dependencies:
      mimic-fn: registry.nlark.com/mimic-fn/2.1.0
    dev: false

  registry.nlark.com/path-key/3.1.1:
    resolution: {integrity: sha1-WB9q3mWMu6ZaDTOA3ndTKVBU83U=, registry: https://registry.npm.taobao.org/, tarball: https://registry.nlark.com/path-key/download/path-key-3.1.1.tgz}
    name: path-key
    version: 3.1.1
    engines: {node: '>=8'}
    dev: false

  registry.nlark.com/semver/7.3.5:
    resolution: {integrity: sha1-C2Ich5NI2JmOSw5L6Us/EuYBjvc=, registry: https://registry.npm.taobao.org/, tarball: https://registry.nlark.com/semver/download/semver-7.3.5.tgz}
    name: semver
    version: 7.3.5
    engines: {node: '>=10'}
    hasBin: true
    dependencies:
      lru-cache: registry.nlark.com/lru-cache/6.0.0
    dev: false

  registry.nlark.com/shebang-command/2.0.0:
    resolution: {integrity: sha1-zNCvT4g1+9wmW4JGGq8MNmY/NOo=, registry: https://registry.npm.taobao.org/, tarball: https://registry.nlark.com/shebang-command/download/shebang-command-2.0.0.tgz}
    name: shebang-command
    version: 2.0.0
    engines: {node: '>=8'}
    dependencies:
      shebang-regex: registry.nlark.com/shebang-regex/3.0.0
    dev: false

  registry.nlark.com/shebang-regex/3.0.0:
    resolution: {integrity: sha1-rhbxZE2HPsrYQ7AwexQzYtTEIXI=, registry: https://registry.npm.taobao.org/, tarball: https://registry.nlark.com/shebang-regex/download/shebang-regex-3.0.0.tgz}
    name: shebang-regex
    version: 3.0.0
    engines: {node: '>=8'}
    dev: false

  registry.nlark.com/sisteransi/1.0.5:
    resolution: {integrity: sha1-E01oEpd1ZDfMBcoBNw06elcQde0=, registry: https://registry.npm.taobao.org/, tarball: https://registry.nlark.com/sisteransi/download/sisteransi-1.0.5.tgz}
    name: sisteransi
    version: 1.0.5
    dev: false

  registry.nlark.com/strip-final-newline/2.0.0:
    resolution: {integrity: sha1-ibhS+y/L6Tb29LMYevsKEsGrWK0=, registry: https://registry.npm.taobao.org/, tarball: https://registry.nlark.com/strip-final-newline/download/strip-final-newline-2.0.0.tgz}
    name: strip-final-newline
    version: 2.0.0
    engines: {node: '>=6'}
    dev: false

  registry.nlark.com/which/2.0.2:
    resolution: {integrity: sha1-fGqN0KY2oDJ+ELWckobu6T8/UbE=, registry: https://registry.npm.taobao.org/, tarball: https://registry.nlark.com/which/download/which-2.0.2.tgz}
    name: which
    version: 2.0.2
    engines: {node: '>= 8'}
    hasBin: true
    dependencies:
      isexe: registry.nlark.com/isexe/2.0.0
    dev: false

  registry.nlark.com/yallist/4.0.0:
    resolution: {integrity: sha1-m7knkNnA7/7GO+c1GeEaNQGaOnI=, registry: https://registry.npm.taobao.org/, tarball: https://registry.nlark.com/yallist/download/yallist-4.0.0.tgz}
    name: yallist
    version: 4.0.0
    dev: false

  registry.npmmirror.com/@antfu/utils/0.3.0:
    resolution: {integrity: sha1-YwbEO1Kog72Olz4+2N1kJIQYvMQ=, registry: https://registry.npm.taobao.org/, tarball: https://registry.npmmirror.com/@antfu/utils/download/@antfu/utils-0.3.0.tgz}
    name: '@antfu/utils'
    version: 0.3.0
    dependencies:
      '@types/throttle-debounce': registry.npmmirror.com/@types/throttle-debounce/2.1.0
    dev: false

  registry.npmmirror.com/@jest/types/27.4.2:
    resolution: {integrity: sha512-j35yw0PMTPpZsUoOBiuHzr1zTYoad1cVIE0ajEjcrJONxxrko/IRGKkXx3os0Nsi4Hu3+5VmDbVfq5WhG/pWAg==, registry: https://registry.npm.taobao.org/, tarball: https://registry.npmmirror.com/@jest/types/download/@jest/types-27.4.2.tgz}
    name: '@jest/types'
    version: 27.4.2
    engines: {node: ^10.13.0 || ^12.13.0 || ^14.15.0 || >=15.0.0}
    dependencies:
      '@types/istanbul-lib-coverage': registry.npmmirror.com/@types/istanbul-lib-coverage/2.0.4
      '@types/istanbul-reports': registry.npmmirror.com/@types/istanbul-reports/3.0.1
      '@types/node': registry.npmmirror.com/@types/node/17.0.5
      '@types/yargs': registry.npmmirror.com/@types/yargs/16.0.4
      chalk: registry.npmmirror.com/chalk/4.1.2
    dev: true

  registry.npmmirror.com/@types/debug/4.1.7:
    resolution: {integrity: sha1-fMDqdhUJEkcJuLLRCQ2PbBeq24I=, registry: https://registry.npm.taobao.org/, tarball: https://registry.npmmirror.com/@types/debug/download/@types/debug-4.1.7.tgz}
    name: '@types/debug'
    version: 4.1.7
    dependencies:
      '@types/ms': registry.npmmirror.com/@types/ms/0.7.31
    dev: true

  registry.npmmirror.com/@types/istanbul-lib-coverage/2.0.4:
    resolution: {integrity: sha512-z/QT1XN4K4KYuslS23k62yDIDLwLFkzxOuMplDtObz0+y7VqJCaO2o+SPwHCvLFZh7xazvvoor2tA/hPz9ee7g==, registry: https://registry.npm.taobao.org/, tarball: https://registry.npmmirror.com/@types/istanbul-lib-coverage/download/@types/istanbul-lib-coverage-2.0.4.tgz}
    name: '@types/istanbul-lib-coverage'
    version: 2.0.4
    dev: true

  registry.npmmirror.com/@types/istanbul-lib-report/3.0.0:
    resolution: {integrity: sha1-wUwk8Y6oGQwRjudWK3/5mjZVJoY=, registry: https://registry.npm.taobao.org/, tarball: https://registry.npmmirror.com/@types/istanbul-lib-report/download/@types/istanbul-lib-report-3.0.0.tgz}
    name: '@types/istanbul-lib-report'
    version: 3.0.0
    dependencies:
      '@types/istanbul-lib-coverage': registry.npmmirror.com/@types/istanbul-lib-coverage/2.0.4
    dev: true

  registry.npmmirror.com/@types/istanbul-reports/3.0.1:
    resolution: {integrity: sha1-kVP+mLuivVZaY63ZQ21vDX+EaP8=, registry: https://registry.npm.taobao.org/, tarball: https://registry.npmmirror.com/@types/istanbul-reports/download/@types/istanbul-reports-3.0.1.tgz}
    name: '@types/istanbul-reports'
    version: 3.0.1
    dependencies:
      '@types/istanbul-lib-report': registry.npmmirror.com/@types/istanbul-lib-report/3.0.0
    dev: true

  registry.npmmirror.com/@types/jest/27.0.3:
    resolution: {integrity: sha512-cmmwv9t7gBYt7hNKH5Spu7Kuu/DotGa+Ff+JGRKZ4db5eh8PnKS4LuebJ3YLUoyOyIHraTGyULn23YtEAm0VSg==, registry: https://registry.npm.taobao.org/, tarball: https://registry.npmmirror.com/@types/jest/download/@types/jest-27.0.3.tgz?cache=0&sync_timestamp=1637300511391&other_urls=https%3A%2F%2Fregistry.npmmirror.com%2F%40types%2Fjest%2Fdownload%2F%40types%2Fjest-27.0.3.tgz}
    name: '@types/jest'
    version: 27.0.3
    dependencies:
      jest-diff: registry.npmmirror.com/jest-diff/27.4.2
      pretty-format: registry.npmmirror.com/pretty-format/27.4.2
    dev: true

  registry.npmmirror.com/@types/ms/0.7.31:
    resolution: {integrity: sha1-MbfKZAcSij0rvCf+LSGzRTl/YZc=, registry: https://registry.npm.taobao.org/, tarball: https://registry.npmmirror.com/@types/ms/download/@types/ms-0.7.31.tgz}
    name: '@types/ms'
    version: 0.7.31
    dev: true

  registry.npmmirror.com/@types/node/17.0.5:
    resolution: {integrity: sha512-w3mrvNXLeDYV1GKTZorGJQivK6XLCoGwpnyJFbJVK/aTBQUxOCaa/GlFAAN3OTDFcb7h5tiFG+YXCO2By+riZw==, registry: https://registry.npm.taobao.org/, tarball: https://registry.npmmirror.com/@types/node/download/@types/node-17.0.5.tgz}
    name: '@types/node'
    version: 17.0.5
    dev: true

  registry.npmmirror.com/@types/prompts/2.0.14:
    resolution: {integrity: sha1-EMuImYRLsHccq+V8G+yqrKmjtSE=, registry: https://registry.npm.taobao.org/, tarball: https://registry.npmmirror.com/@types/prompts/download/@types/prompts-2.0.14.tgz}
    name: '@types/prompts'
    version: 2.0.14
    dependencies:
      '@types/node': registry.npmmirror.com/@types/node/17.0.5
    dev: true

  registry.npmmirror.com/@types/semver/7.3.9:
    resolution: {integrity: sha1-FSxsIKdojDC5Z+wYQdMazlaYY/w=, registry: https://registry.npm.taobao.org/, tarball: https://registry.npmmirror.com/@types/semver/download/@types/semver-7.3.9.tgz}
    name: '@types/semver'
    version: 7.3.9
    dev: true

  registry.npmmirror.com/@types/throttle-debounce/2.1.0:
    resolution: {integrity: sha1-HD32JL/Eti+ZLTASuExW1B6rN3Y=, registry: https://registry.npm.taobao.org/, tarball: https://registry.npmmirror.com/@types/throttle-debounce/download/@types/throttle-debounce-2.1.0.tgz}
    name: '@types/throttle-debounce'
    version: 2.1.0
    dev: false

  registry.npmmirror.com/@types/yargs-parser/20.2.1:
    resolution: {integrity: sha1-O5ziSJkZ2eT+pDm3aRarw0st8Sk=, registry: https://registry.npm.taobao.org/, tarball: https://registry.npmmirror.com/@types/yargs-parser/download/@types/yargs-parser-20.2.1.tgz}
    name: '@types/yargs-parser'
    version: 20.2.1
    dev: true

  registry.npmmirror.com/@types/yargs/16.0.4:
    resolution: {integrity: sha1-JqrZjdLCo45CEIbqmtQrnlFkKXc=, registry: https://registry.npm.taobao.org/, tarball: https://registry.npmmirror.com/@types/yargs/download/@types/yargs-16.0.4.tgz}
    name: '@types/yargs'
    version: 16.0.4
    dependencies:
      '@types/yargs-parser': registry.npmmirror.com/@types/yargs-parser/20.2.1
    dev: true

  registry.npmmirror.com/cac/6.7.12:
    resolution: {integrity: sha512-rM7E2ygtMkJqD9c7WnFU6fruFcN3xe4FM5yUmgxhZzIKJk4uHl9U/fhwdajGFQbQuv43FAUo1Fe8gX/oIKDeSA==, registry: https://registry.npm.taobao.org/, tarball: https://registry.npmmirror.com/cac/download/cac-6.7.12.tgz}
    name: cac
    version: 6.7.12
    engines: {node: '>=8'}
    dev: false

  registry.npmmirror.com/chalk/4.1.2:
    resolution: {integrity: sha1-qsTit3NKdAhnrrFr8CqtVWoeegE=, registry: https://registry.npm.taobao.org/, tarball: https://registry.npmmirror.com/chalk/download/chalk-4.1.2.tgz}
    name: chalk
    version: 4.1.2
    engines: {node: '>=10'}
    dependencies:
      ansi-styles: registry.nlark.com/ansi-styles/4.3.0
      supports-color: registry.npmmirror.com/supports-color/7.2.0
    dev: true

  registry.npmmirror.com/color-convert/2.0.1:
    resolution: {integrity: sha1-ctOmjVmMm9s68q0ehPIdiWq9TeM=, registry: https://registry.npm.taobao.org/, tarball: https://registry.npmmirror.com/color-convert/download/color-convert-2.0.1.tgz}
    name: color-convert
    version: 2.0.1
    engines: {node: '>=7.0.0'}
    dependencies:
      color-name: registry.nlark.com/color-name/1.1.4
    dev: true

  registry.npmmirror.com/debug/4.3.3:
    resolution: {integrity: sha512-/zxw5+vh1Tfv+4Qn7a5nsbcJKPaSvCDhojn6FEl9vupwK2VCSDtEiEtqr8DFtzYFOdz63LBkxec7DYuc2jon6Q==, registry: https://registry.npm.taobao.org/, tarball: https://registry.npmmirror.com/debug/download/debug-4.3.3.tgz}
    name: debug
    version: 4.3.3
    engines: {node: '>=6.0'}
    peerDependencies:
      supports-color: '*'
    peerDependenciesMeta:
      supports-color:
        optional: true
    dependencies:
      ms: registry.npmmirror.com/ms/2.1.2
    dev: false

  registry.npmmirror.com/defu/5.0.0:
    resolution: {integrity: sha1-V2jw1AKlVb/EwmckayD4LOi1oQs=, registry: https://registry.npm.taobao.org/, tarball: https://registry.npmmirror.com/defu/download/defu-5.0.0.tgz}
    name: defu
    version: 5.0.0
    dev: false

  registry.npmmirror.com/diff-sequences/27.4.0:
    resolution: {integrity: sha512-YqiQzkrsmHMH5uuh8OdQFU9/ZpADnwzml8z0O5HvRNda+5UZsaX/xN+AAxfR2hWq1Y7HZnAzO9J5lJXOuDz2Ww==, registry: https://registry.npm.taobao.org/, tarball: https://registry.npmmirror.com/diff-sequences/download/diff-sequences-27.4.0.tgz}
    name: diff-sequences
    version: 27.4.0
    engines: {node: ^10.13.0 || ^12.13.0 || ^14.15.0 || >=15.0.0}
    dev: true

  registry.npmmirror.com/esbuild-android-arm64/0.14.9:
    resolution: {integrity: sha512-VpSCuUR07G4Re/5QzqtdxS5ZgxkCRyzu4Kf5SH1/EkXzRGeoWQt8xirkOMK58pfmg/FlS/fQNgwl3Txej4LoVg==, registry: https://registry.npm.taobao.org/, tarball: https://registry.npmmirror.com/esbuild-android-arm64/download/esbuild-android-arm64-0.14.9.tgz}
    name: esbuild-android-arm64
    version: 0.14.9
    cpu: [arm64]
    os: [android]
    requiresBuild: true
    dev: false
    optional: true

  registry.npmmirror.com/esbuild-darwin-64/0.14.9:
    resolution: {integrity: sha512-F/RcRHMG5ccAL8n9VIy8ZC4D0IHZrN/1IhHQbY4qPXrMlh42FucR0TW4lr3vdHF3caaId1jdDSQQJ7jXR+ZC5Q==, registry: https://registry.npm.taobao.org/, tarball: https://registry.npmmirror.com/esbuild-darwin-64/download/esbuild-darwin-64-0.14.9.tgz}
    name: esbuild-darwin-64
    version: 0.14.9
    cpu: [x64]
    os: [darwin]
    requiresBuild: true
    dev: false
    optional: true

  registry.npmmirror.com/esbuild-darwin-arm64/0.14.9:
    resolution: {integrity: sha512-3ue+1T4FR5TaAu4/V1eFMG8Uwn0pgAwQZb/WwL1X78d5Cy8wOVQ67KNH1lsjU+y/9AcwMKZ9x0GGNxBB4a1Rbw==, registry: https://registry.npm.taobao.org/, tarball: https://registry.npmmirror.com/esbuild-darwin-arm64/download/esbuild-darwin-arm64-0.14.9.tgz}
    name: esbuild-darwin-arm64
    version: 0.14.9
    cpu: [arm64]
    os: [darwin]
    requiresBuild: true
    dev: false
    optional: true

  registry.npmmirror.com/esbuild-freebsd-64/0.14.9:
    resolution: {integrity: sha512-0YEjWt6ijaf5Y3Q50YS1lZxuWZWMV/T7atQEuQnF8ioq5jamrVr8j1TZ9+rxcLgH1lBMsXj8IwW+6BleXredEg==, registry: https://registry.npm.taobao.org/, tarball: https://registry.npmmirror.com/esbuild-freebsd-64/download/esbuild-freebsd-64-0.14.9.tgz}
    name: esbuild-freebsd-64
    version: 0.14.9
    cpu: [x64]
    os: [freebsd]
    requiresBuild: true
    dev: false
    optional: true

  registry.npmmirror.com/esbuild-freebsd-arm64/0.14.9:
    resolution: {integrity: sha512-82w5qMgEeYvf8+vX/2KE5TOZf8rv8VK4TFiK6lDzdgdwwmBU5C8kdT3rO5Llan2K2LKndrou1eyi/fHwFcwPJQ==, registry: https://registry.npm.taobao.org/, tarball: https://registry.npmmirror.com/esbuild-freebsd-arm64/download/esbuild-freebsd-arm64-0.14.9.tgz}
    name: esbuild-freebsd-arm64
    version: 0.14.9
    cpu: [arm64]
    os: [freebsd]
    requiresBuild: true
    dev: false
    optional: true

  registry.npmmirror.com/esbuild-linux-32/0.14.9:
    resolution: {integrity: sha512-eu8J8HNpco7Mkd7T7djQRzGBeuve41kbXRxFHOwwbZXMNQojXjBqLuradi5i/Vsw+CA4G/yVpmJI2S75Cit2mQ==, registry: https://registry.npm.taobao.org/, tarball: https://registry.npmmirror.com/esbuild-linux-32/download/esbuild-linux-32-0.14.9.tgz}
    name: esbuild-linux-32
    version: 0.14.9
    cpu: [ia32]
    os: [linux]
    requiresBuild: true
    dev: false
    optional: true

  registry.npmmirror.com/esbuild-linux-64/0.14.9:
    resolution: {integrity: sha512-WoEI+R6/PLZAxS7XagfQMFgRtLUi5cjqqU9VCfo3tnWmAXh/wt8QtUfCVVCcXVwZLS/RNvI19CtfjlrJU61nOg==, registry: https://registry.npm.taobao.org/, tarball: https://registry.npmmirror.com/esbuild-linux-64/download/esbuild-linux-64-0.14.9.tgz}
    name: esbuild-linux-64
    version: 0.14.9
    cpu: [x64]
    os: [linux]
    requiresBuild: true
    dev: false
    optional: true

  registry.npmmirror.com/esbuild-linux-arm/0.14.9:
    resolution: {integrity: sha512-d3k1ZPREjaKYyhsS8x3jvc4ekjIZ8SmuihP60mrN1f6p5y07NKWw9i0OWD1p6hy+7g6cjMWq00tstMIikGB9Yg==, registry: https://registry.npm.taobao.org/, tarball: https://registry.npmmirror.com/esbuild-linux-arm/download/esbuild-linux-arm-0.14.9.tgz}
    name: esbuild-linux-arm
    version: 0.14.9
    cpu: [arm]
    os: [linux]
    requiresBuild: true
    dev: false
    optional: true

  registry.npmmirror.com/esbuild-linux-arm64/0.14.9:
    resolution: {integrity: sha512-joUE0yQgWMDkQqBx3+6SdNCVZ10F1O4+WM94moghvhdTzkYpECIc/WvfqMF/w0V8Hecw3QJ7vugO7jsFlXXd4Q==, registry: https://registry.npm.taobao.org/, tarball: https://registry.npmmirror.com/esbuild-linux-arm64/download/esbuild-linux-arm64-0.14.9.tgz}
    name: esbuild-linux-arm64
    version: 0.14.9
    cpu: [arm64]
    os: [linux]
    requiresBuild: true
    dev: false
    optional: true

  registry.npmmirror.com/esbuild-linux-mips64le/0.14.9:
    resolution: {integrity: sha512-ZAuheiDRo2c4rxx8GUTEwPvos0zUwCYjP9K2WfCSmDL6m3RpaObCQhZghrDuoIUwvc/D6SWuABsKE9VzogsltQ==, registry: https://registry.npm.taobao.org/, tarball: https://registry.npmmirror.com/esbuild-linux-mips64le/download/esbuild-linux-mips64le-0.14.9.tgz}
    name: esbuild-linux-mips64le
    version: 0.14.9
    cpu: [mips64el]
    os: [linux]
    requiresBuild: true
    dev: false
    optional: true

  registry.npmmirror.com/esbuild-linux-ppc64le/0.14.9:
    resolution: {integrity: sha512-Pm8FeG5l314k3a2mbu3SAc5E2eLFuGUsGiSlw8V6xtA4whxJ7rit7951w9jBhz+1Vqqtqprg2IYTng3j2CGhVw==, registry: https://registry.npm.taobao.org/, tarball: https://registry.npmmirror.com/esbuild-linux-ppc64le/download/esbuild-linux-ppc64le-0.14.9.tgz}
    name: esbuild-linux-ppc64le
    version: 0.14.9
    cpu: [ppc64]
    os: [linux]
    requiresBuild: true
    dev: false
    optional: true

  registry.npmmirror.com/esbuild-linux-s390x/0.14.9:
    resolution: {integrity: sha512-G8FNZygV82N1/LOfPD8ZX7Mn1dPpKKPrZc93ebSJ8/VgNIafOAhV5vaeK1lhcx6ZSu+jJU/UyQQMG1CIvHRIaw==, registry: https://registry.npm.taobao.org/, tarball: https://registry.npmmirror.com/esbuild-linux-s390x/download/esbuild-linux-s390x-0.14.9.tgz}
    name: esbuild-linux-s390x
    version: 0.14.9
    cpu: [s390x]
    os: [linux]
    requiresBuild: true
    dev: false
    optional: true

  registry.npmmirror.com/esbuild-netbsd-64/0.14.9:
    resolution: {integrity: sha512-b7vPrn5XN0GRtNAQ3w+gq8AwUfWSRBkcPAdA5UUT5rkrw7wKFyMqi2/zREBc/Knu5YOsLmZPQSoM8QL6qy79cg==, registry: https://registry.npm.taobao.org/, tarball: https://registry.npmmirror.com/esbuild-netbsd-64/download/esbuild-netbsd-64-0.14.9.tgz}
    name: esbuild-netbsd-64
    version: 0.14.9
    cpu: [x64]
    os: [netbsd]
    requiresBuild: true
    dev: false
    optional: true

  registry.npmmirror.com/esbuild-openbsd-64/0.14.9:
    resolution: {integrity: sha512-w95Rt/vmVhZWfzZmeoMIHxbFiOFDmxC7GEdnCbDTXX2vlwKu+CIDIKOgWW+R1T2JqTNo5tu9dRkngKZMfbUo/A==, registry: https://registry.npm.taobao.org/, tarball: https://registry.npmmirror.com/esbuild-openbsd-64/download/esbuild-openbsd-64-0.14.9.tgz}
    name: esbuild-openbsd-64
    version: 0.14.9
    cpu: [x64]
    os: [openbsd]
    requiresBuild: true
    dev: false
    optional: true

  registry.npmmirror.com/esbuild-register/3.3.1_esbuild@0.14.9:
    resolution: {integrity: sha512-DjK9rOeo+Dhq8DXKy52DF2+O7zNPXkFRg9lZfqXDGLU6AzrULxBJZPOOFcH6WCNfkwqymKOZoNvd/ncCvEjwdw==, registry: https://registry.npm.taobao.org/, tarball: https://registry.npmmirror.com/esbuild-register/download/esbuild-register-3.3.1.tgz}
    id: registry.npmmirror.com/esbuild-register/3.3.1
    name: esbuild-register
    version: 3.3.1
    peerDependencies:
      esbuild: '>=0.12 <1'
    dependencies:
      esbuild: registry.npmmirror.com/esbuild/0.14.9
    dev: false

  registry.npmmirror.com/esbuild-sunos-64/0.14.9:
    resolution: {integrity: sha512-mzgmQZAVGo+uLkQXTY0viqVSEQKesmR5OEMMq1jM/2jucbZUcyaq8dVKRIWJJEzwNgZ6MpeOpshUtOzGxxy8ag==, registry: https://registry.npm.taobao.org/, tarball: https://registry.npmmirror.com/esbuild-sunos-64/download/esbuild-sunos-64-0.14.9.tgz}
    name: esbuild-sunos-64
    version: 0.14.9
    cpu: [x64]
    os: [sunos]
    requiresBuild: true
    dev: false
    optional: true

  registry.npmmirror.com/esbuild-windows-32/0.14.9:
    resolution: {integrity: sha512-sYHEJLwdDJpjjSUyIGqPC1GRXl0Z/YT1K85Tcrv4iqZEXFR0rT7sTV+E0XC911FbTJHfuAdUJixkwAQeLMdrUg==, registry: https://registry.npm.taobao.org/, tarball: https://registry.npmmirror.com/esbuild-windows-32/download/esbuild-windows-32-0.14.9.tgz}
    name: esbuild-windows-32
    version: 0.14.9
    cpu: [ia32]
    os: [win32]
    requiresBuild: true
    dev: false
    optional: true

  registry.npmmirror.com/esbuild-windows-64/0.14.9:
    resolution: {integrity: sha512-xJTpyFzpH51LGlVR2C3P+Gpnjujsx5kEtJj5V/x8TyD94VW+EpszyND/pay15CIF64pWywyQt2jmGUDl6kzkEw==, registry: https://registry.npm.taobao.org/, tarball: https://registry.npmmirror.com/esbuild-windows-64/download/esbuild-windows-64-0.14.9.tgz}
    name: esbuild-windows-64
    version: 0.14.9
    cpu: [x64]
    os: [win32]
    requiresBuild: true
    dev: false
    optional: true

  registry.npmmirror.com/esbuild-windows-arm64/0.14.9:
    resolution: {integrity: sha512-NKPPsYVlHqdF0yMuMJrjuAzqS/BHrMXZ8TN1Du+Pgi8KkmxzNXRPDHQV0NPPJ+Z7Lp09joEHSz1zrvQRs1j6jw==, registry: https://registry.npm.taobao.org/, tarball: https://registry.npmmirror.com/esbuild-windows-arm64/download/esbuild-windows-arm64-0.14.9.tgz}
    name: esbuild-windows-arm64
    version: 0.14.9
    cpu: [arm64]
    os: [win32]
    requiresBuild: true
    dev: false
    optional: true

  registry.npmmirror.com/esbuild/0.14.9:
    resolution: {integrity: sha512-uuT3kFsfUvzNW6I2RKKIHuCvutY/U9KFcAP6emUm98WvBhyhEr5vGkZLeN3r3vXfoykl+7xekAH8Ky09LXBd0Q==, registry: https://registry.npm.taobao.org/, tarball: https://registry.npmmirror.com/esbuild/download/esbuild-0.14.9.tgz}
    name: esbuild
    version: 0.14.9
    hasBin: true
    requiresBuild: true
    optionalDependencies:
      esbuild-android-arm64: registry.npmmirror.com/esbuild-android-arm64/0.14.9
      esbuild-darwin-64: registry.npmmirror.com/esbuild-darwin-64/0.14.9
      esbuild-darwin-arm64: registry.npmmirror.com/esbuild-darwin-arm64/0.14.9
      esbuild-freebsd-64: registry.npmmirror.com/esbuild-freebsd-64/0.14.9
      esbuild-freebsd-arm64: registry.npmmirror.com/esbuild-freebsd-arm64/0.14.9
      esbuild-linux-32: registry.npmmirror.com/esbuild-linux-32/0.14.9
      esbuild-linux-64: registry.npmmirror.com/esbuild-linux-64/0.14.9
      esbuild-linux-arm: registry.npmmirror.com/esbuild-linux-arm/0.14.9
      esbuild-linux-arm64: registry.npmmirror.com/esbuild-linux-arm64/0.14.9
      esbuild-linux-mips64le: registry.npmmirror.com/esbuild-linux-mips64le/0.14.9
      esbuild-linux-ppc64le: registry.npmmirror.com/esbuild-linux-ppc64le/0.14.9
      esbuild-linux-s390x: registry.npmmirror.com/esbuild-linux-s390x/0.14.9
      esbuild-netbsd-64: registry.npmmirror.com/esbuild-netbsd-64/0.14.9
      esbuild-openbsd-64: registry.npmmirror.com/esbuild-openbsd-64/0.14.9
      esbuild-sunos-64: registry.npmmirror.com/esbuild-sunos-64/0.14.9
      esbuild-windows-32: registry.npmmirror.com/esbuild-windows-32/0.14.9
      esbuild-windows-64: registry.npmmirror.com/esbuild-windows-64/0.14.9
      esbuild-windows-arm64: registry.npmmirror.com/esbuild-windows-arm64/0.14.9
    dev: false

  registry.npmmirror.com/execa/5.1.1:
    resolution: {integrity: sha1-+ArZy/Qpj3vR1MlVXCHpN0HEEd0=, registry: https://registry.npm.taobao.org/, tarball: https://registry.npmmirror.com/execa/download/execa-5.1.1.tgz?cache=0&sync_timestamp=1637147768929&other_urls=https%3A%2F%2Fregistry.npmmirror.com%2Fexeca%2Fdownload%2Fexeca-5.1.1.tgz}
    name: execa
    version: 5.1.1
    engines: {node: '>=10'}
    dependencies:
      cross-spawn: registry.nlark.com/cross-spawn/7.0.3
      get-stream: registry.nlark.com/get-stream/6.0.1
      human-signals: registry.nlark.com/human-signals/2.1.0
      is-stream: registry.nlark.com/is-stream/2.0.1
      merge-stream: registry.nlark.com/merge-stream/2.0.0
      npm-run-path: registry.npmmirror.com/npm-run-path/4.0.1
      onetime: registry.nlark.com/onetime/5.1.2
      signal-exit: registry.npmmirror.com/signal-exit/3.0.6
      strip-final-newline: registry.nlark.com/strip-final-newline/2.0.0
    dev: false

  registry.npmmirror.com/jest-diff/27.4.2:
    resolution: {integrity: sha512-ujc9ToyUZDh9KcqvQDkk/gkbf6zSaeEg9AiBxtttXW59H/AcqEYp1ciXAtJp+jXWva5nAf/ePtSsgWwE5mqp4Q==, registry: https://registry.npm.taobao.org/, tarball: https://registry.npmmirror.com/jest-diff/download/jest-diff-27.4.2.tgz}
    name: jest-diff
    version: 27.4.2
    engines: {node: ^10.13.0 || ^12.13.0 || ^14.15.0 || >=15.0.0}
    dependencies:
      chalk: registry.npmmirror.com/chalk/4.1.2
      diff-sequences: registry.npmmirror.com/diff-sequences/27.4.0
      jest-get-type: registry.npmmirror.com/jest-get-type/27.4.0
      pretty-format: registry.npmmirror.com/pretty-format/27.4.2
    dev: true

  registry.npmmirror.com/jest-get-type/27.4.0:
    resolution: {integrity: sha512-tk9o+ld5TWq41DkK14L4wox4s2D9MtTpKaAVzXfr5CUKm5ZK2ExcaFE0qls2W71zE/6R2TxxrK9w2r6svAFDBQ==, registry: https://registry.npm.taobao.org/, tarball: https://registry.npmmirror.com/jest-get-type/download/jest-get-type-27.4.0.tgz}
    name: jest-get-type
    version: 27.4.0
    engines: {node: ^10.13.0 || ^12.13.0 || ^14.15.0 || >=15.0.0}
    dev: true

  registry.npmmirror.com/jiti/1.12.9:
    resolution: {integrity: sha1-LORbJlz8jckevXClIEgHz5FSkbw=, registry: https://registry.npm.taobao.org/, tarball: https://registry.npmmirror.com/jiti/download/jiti-1.12.9.tgz}
    name: jiti
    version: 1.12.9
    hasBin: true
    dev: false

  registry.npmmirror.com/ms/2.1.2:
    resolution: {integrity: sha1-0J0fNXtEP0kzgqjrPM0YOHKuYAk=, registry: https://registry.npm.taobao.org/, tarball: https://registry.npmmirror.com/ms/download/ms-2.1.2.tgz}
    name: ms
    version: 2.1.2
    dev: false

  registry.npmmirror.com/npm-run-path/4.0.1:
    resolution: {integrity: sha1-t+zR5e1T2o43pV4cImnguX7XSOo=, registry: https://registry.npm.taobao.org/, tarball: https://registry.npmmirror.com/npm-run-path/download/npm-run-path-4.0.1.tgz}
    name: npm-run-path
    version: 4.0.1
    engines: {node: '>=8'}
    dependencies:
      path-key: registry.nlark.com/path-key/3.1.1
    dev: false

  registry.npmmirror.com/pretty-format/27.4.2:
    resolution: {integrity: sha512-p0wNtJ9oLuvgOQDEIZ9zQjZffK7KtyR6Si0jnXULIDwrlNF8Cuir3AZP0hHv0jmKuNN/edOnbMjnzd4uTcmWiw==, registry: https://registry.npm.taobao.org/, tarball: https://registry.npmmirror.com/pretty-format/download/pretty-format-27.4.2.tgz}
    name: pretty-format
    version: 27.4.2
    engines: {node: ^10.13.0 || ^12.13.0 || ^14.15.0 || >=15.0.0}
    dependencies:
      '@jest/types': registry.npmmirror.com/@jest/types/27.4.2
      ansi-regex: registry.nlark.com/ansi-regex/5.0.1
      ansi-styles: registry.nlark.com/ansi-styles/5.2.0
      react-is: registry.npmmirror.com/react-is/17.0.2
    dev: true

  registry.npmmirror.com/prompts/2.4.2:
    resolution: {integrity: sha1-e1fnOzpIAprRDr1E90sBcipMsGk=, registry: https://registry.npm.taobao.org/, tarball: https://registry.npmmirror.com/prompts/download/prompts-2.4.2.tgz}
    name: prompts
    version: 2.4.2
    engines: {node: '>= 6'}
    dependencies:
      kleur: registry.nlark.com/kleur/3.0.3
      sisteransi: registry.nlark.com/sisteransi/1.0.5
    dev: false

  registry.npmmirror.com/react-is/17.0.2:
    resolution: {integrity: sha1-5pHUqOnHiTZWVVOas3J2Kw77VPA=, registry: https://registry.npm.taobao.org/, tarball: https://registry.npmmirror.com/react-is/download/react-is-17.0.2.tgz}
    name: react-is
    version: 17.0.2
    dev: true

  registry.npmmirror.com/signal-exit/3.0.6:
    resolution: {integrity: sha512-sDl4qMFpijcGw22U5w63KmD3cZJfBuFlVNbVMKje2keoKML7X2UzWbc4XrmEbDwg0NXJc3yv4/ox7b+JWb57kQ==, registry: https://registry.npm.taobao.org/, tarball: https://registry.npmmirror.com/signal-exit/download/signal-exit-3.0.6.tgz}
    name: signal-exit
    version: 3.0.6
    dev: false

  registry.npmmirror.com/supports-color/7.2.0:
    resolution: {integrity: sha1-G33NyzK4E4gBs+R4umpRyqiWSNo=, registry: https://registry.npm.taobao.org/, tarball: https://registry.npmmirror.com/supports-color/download/supports-color-7.2.0.tgz}
    name: supports-color
    version: 7.2.0
    engines: {node: '>=8'}
    dependencies:
      has-flag: registry.nlark.com/has-flag/4.0.0
    dev: true

  registry.npmmirror.com/typescript/4.5.4:
    resolution: {integrity: sha512-VgYs2A2QIRuGphtzFV7aQJduJ2gyfTljngLzjpfW9FoYZF6xuw1W0vW9ghCKLfcWrCFxK81CSGRAvS1pn4fIUg==, registry: https://registry.npm.taobao.org/, tarball: https://registry.npmmirror.com/typescript/download/typescript-4.5.4.tgz}
    name: typescript
    version: 4.5.4
    engines: {node: '>=4.2.0'}
    hasBin: true
    dev: true

  registry.npmmirror.com/unconfig/0.2.2:
    resolution: {integrity: sha512-JN1MeYJ/POnjBj7NgOJJxPp6+NcD6Nd0hEuK0D89kjm9GvQQUq8HeE2Eb7PZgtu+64mWkDiqeJn1IZoLH7htPg==, registry: https://registry.npm.taobao.org/, tarball: https://registry.npmmirror.com/unconfig/download/unconfig-0.2.2.tgz}
    name: unconfig
    version: 0.2.2
    dependencies:
      '@antfu/utils': registry.npmmirror.com/@antfu/utils/0.3.0
      defu: registry.npmmirror.com/defu/5.0.0
      jiti: registry.npmmirror.com/jiti/1.12.9
    dev: false
